
Microsoft Visual Studio Solution File, Format Version 12.00
# Visual Studio Version 17
VisualStudioVersion = 17.0.31912.275
MinimumVisualStudioVersion = 10.0.40219.1
Project("{9A19103F-16F7-4668-BE54-9A1E7A4F7556}") = "PicOrganizerCmd", "PicOrganizerCmd\PicOrganizerCmd.csproj", "{7EF56A72-F798-4AE7-9F31-BFCE1B00CB92}"
EndProject
Project("{FAE04EC0-301F-11D3-BF4B-00C04F79EFBC}") = "PicOrganizer.Services", "PicOrganizer.Services\PicOrganizer.Services.csproj", "{B7AC234D-B5CD-4C6E-A199-2BA6D599F92D}"
EndProject
Project("{FAE04EC0-301F-11D3-BF4B-00C04F79EFBC}") = "PicOrganizer.Models", "PicOrganizer.Models\PicOrganizer.Models.csproj", "{95D4539D-48B6-4B16-BD9E-8723BD09DE85}"
EndProject
Global
	GlobalSection(SolutionConfigurationPlatforms) = preSolution
		Debug|Any CPU = Debug|Any CPU
		Release|Any CPU = Release|Any CPU
	EndGlobalSection
	GlobalSection(ProjectConfigurationPlatforms) = postSolution
		{7EF56A72-F798-4AE7-9F31-BFCE1B00CB92}.Debug|Any CPU.ActiveCfg = Debug|Any CPU
		{7EF56A72-F798-4AE7-9F31-BFCE1B00CB92}.Debug|Any CPU.Build.0 = Debug|Any CPU
		{7EF56A72-F798-4AE7-9F31-BFCE1B00CB92}.Release|Any CPU.ActiveCfg = Release|Any CPU
		{7EF56A72-F798-4AE7-9F31-BFCE1B00CB92}.Release|Any CPU.Build.0 = Release|Any CPU
		{B7AC234D-B5CD-4C6E-A199-2BA6D599F92D}.Debug|Any CPU.ActiveCfg = Debug|Any CPU
		{B7AC234D-B5CD-4C6E-A199-2BA6D599F92D}.Debug|Any CPU.Build.0 = Debug|Any CPU
		{B7AC234D-B5CD-4C6E-A199-2BA6D599F92D}.Release|Any CPU.ActiveCfg = Release|Any CPU
		{B7AC234D-B5CD-4C6E-A199-2BA6D599F92D}.Release|Any CPU.Build.0 = Release|Any CPU
		{95D4539D-48B6-4B16-BD9E-8723BD09DE85}.Debug|Any CPU.ActiveCfg = Debug|Any CPU
		{95D4539D-48B6-4B16-BD9E-8723BD09DE85}.Debug|Any CPU.Build.0 = Debug|Any CPU
		{95D4539D-48B6-4B16-BD9E-8723BD09DE85}.Release|Any CPU.ActiveCfg = Release|Any CPU
		{95D4539D-48B6-4B16-BD9E-8723BD09DE85}.Release|Any CPU.Build.0 = Release|Any CPU
	EndGlobalSection
	GlobalSection(SolutionProperties) = preSolution
		HideSolutionNode = FALSE
	EndGlobalSection
	GlobalSection(ExtensibilityGlobals) = postSolution
		SolutionGuid = {60644046-306B-4895-8A08-2787271108DE}
	EndGlobalSection
EndGlobal
